# THIS IS AN AUTOGENERATED FILE. DO NOT EDIT THIS FILE DIRECTLY.
# yarn lockfile v1


"@node-redis/client@^1.0.1":
  version "1.0.1"
  resolved "https://registry.yarnpkg.com/@node-redis/client/-/client-1.0.1.tgz#ddca6021097ce1026fedc193cac8c36b05c6cad8"
  integrity sha512-o0I4LdzJXP6QYxRnBPrQ7cIG5tF3SNM/PBnjC3mV6QkzIiGRElzWqSr9a9JCJdcyB1SIA80bhgGhpdTpCQ1Sdw==
  dependencies:
    cluster-key-slot "1.1.0"
    generic-pool "3.8.2"
    redis-parser "3.0.0"
    yallist "4.0.0"

"@node-redis/json@^1.0.1":
  version "1.0.1"
  resolved "https://registry.yarnpkg.com/@node-redis/json/-/json-1.0.1.tgz#8cd987c1855392adf21bc4f06163a7eda97a40a3"
  integrity sha512-2EB96ZN0yUr4mgA9Odme48jX8eF5Ji0jrsRn4rLfEhME7L3rHLdKeUfxJKxbPOxadP6k8+6ViElxPZrKuV2nvQ==

"@node-redis/search@^1.0.1":
  version "1.0.1"
  resolved "https://registry.yarnpkg.com/@node-redis/search/-/search-1.0.1.tgz#8d0936049f4858b9aefab40524ce8e5a52e5d08e"
  integrity sha512-iA2Gw6gr0X6IfNSjTyme9W1tDlLkwQ1bPApo4s8aVwZ2Ju8Z4COVik0vT6BJPRin79f5xPZgnaec3DIoC2UpHA==

"@node-redis/time-series@^1.0.0":
  version "1.0.0"
  resolved "https://registry.yarnpkg.com/@node-redis/time-series/-/time-series-1.0.0.tgz#3db4caa63d7c158f0b73ab6cd46bd6c9c187dfaf"
  integrity sha512-QcaCIL/DlYJXedSfmjF+IRxKJbBUXBrjA5Gv0IiPlXXFFOkRnbPGKq6hmwBAAWyk1U03wyBHDFKVS3/9GnZV8g==

"@types/json5@^0.0.29":
  version "0.0.29"
  resolved "https://registry.yarnpkg.com/@types/json5/-/json5-0.0.29.tgz#ee28707ae94e11d2b827bcbe5270bcea7f3e71ee"
  integrity sha1-7ihweulOEdK4J7y+UnC86n8+ce4=

"@types/node@^17.0.0":
  version "17.0.0"
  resolved "https://registry.yarnpkg.com/@types/node/-/node-17.0.0.tgz#62797cee3b8b497f6547503b2312254d4fe3c2bb"
  integrity sha512-eMhwJXc931Ihh4tkU+Y7GiLzT/y/DBNpNtr4yU9O2w3SYBsr9NaOPhQlLKRmoWtI54uNwuo0IOUFQjVOTZYRvw==

cluster-key-slot@1.1.0:
  version "1.1.0"
  resolved "https://registry.yarnpkg.com/cluster-key-slot/-/cluster-key-slot-1.1.0.tgz#30474b2a981fb12172695833052bc0d01336d10d"
  integrity sha512-2Nii8p3RwAPiFwsnZvukotvow2rIHM+yQ6ZcBXGHdniadkYGZYiGmkHJIbZPIV9nfv7m/U1IPMVVcAhoWFeklw==

generic-pool@3.8.2:
  version "3.8.2"
  resolved "https://registry.yarnpkg.com/generic-pool/-/generic-pool-3.8.2.tgz#aab4f280adb522fdfbdc5e5b64d718d3683f04e9"
  integrity sha512-nGToKy6p3PAbYQ7p1UlWl6vSPwfwU6TMSWK7TTu+WUY4ZjyZQGniGGt2oNVvyNSpyZYSB43zMXVLcBm08MTMkg==

json5@^1.0.1:
  version "1.0.1"
  resolved "https://registry.yarnpkg.com/json5/-/json5-1.0.1.tgz#779fb0018604fa854eacbf6252180d83543e3dbe"
  integrity sha512-aKS4WQjPenRxiQsC93MNfjx+nbF4PAdYzmd/1JIj8HYzqfbu86beTuNgXDzPknWk0n0uARlyewZo4s++ES36Ow==
  dependencies:
    minimist "^1.2.0"

minimist@^1.2.0:
  version "1.2.5"
  resolved "https://registry.yarnpkg.com/minimist/-/minimist-1.2.5.tgz#67d66014b66a6a8aaa0c083c5fd58df4e4e97602"
  integrity sha512-FM9nNUYrRBAELZQT3xeZQ7fmMOBg6nWNmJKTcgsJeaLstP/UODVpGsr5OhXhhXg6f+qtJ8uiZ+PUxkDWcgIXLw==

redis-errors@^1.0.0:
  version "1.2.0"
  resolved "https://registry.yarnpkg.com/redis-errors/-/redis-errors-1.2.0.tgz#eb62d2adb15e4eaf4610c04afe1529384250abad"
  integrity sha1-62LSrbFeTq9GEMBK/hUpOEJQq60=

redis-parser@3.0.0:
  version "3.0.0"
  resolved "https://registry.yarnpkg.com/redis-parser/-/redis-parser-3.0.0.tgz#b66d828cdcafe6b4b8a428a7def4c6bcac31c8b4"
  integrity sha1-tm2CjNyv5rS4pCin3vTGvKwxyLQ=
  dependencies:
    redis-errors "^1.0.0"

redis@^4.0.1:
  version "4.0.1"
  resolved "https://registry.yarnpkg.com/redis/-/redis-4.0.1.tgz#c020e2ac7f83f0c1d42ced50b8a7af28164bd6ee"
  integrity sha512-qfcq1oz2ci7pNdCfTLLEuKhS8jZ17dFiT1exogOr+jd3EVP/h9qpy7K+VajB4BXA0k8q68KFqR6HrliKV6jt1Q==
  dependencies:
    "@node-redis/client" "^1.0.1"
    "@node-redis/json" "^1.0.1"
    "@node-redis/search" "^1.0.1"
    "@node-redis/time-series" "^1.0.0"

strip-bom@^3.0.0:
  version "3.0.0"
  resolved "https://registry.yarnpkg.com/strip-bom/-/strip-bom-3.0.0.tgz#2334c18e9c759f7bdd56fdef7e9ae3d588e68ed3"
  integrity sha1-IzTBjpx1n3vdVv3vfprj1YjmjtM=

tsconfig-paths@^3.12.0:
  version "3.12.0"
  resolved "https://registry.yarnpkg.com/tsconfig-paths/-/tsconfig-paths-3.12.0.tgz#19769aca6ee8f6a1a341e38c8fa45dd9fb18899b"
  integrity sha512-e5adrnOYT6zqVnWqZu7i/BQ3BnhzvGbjEjejFXO20lKIKpwTaupkCPgEfv4GZK1IBciJUEhYs3J3p75FdaTFVg==
  dependencies:
    "@types/json5" "^0.0.29"
    json5 "^1.0.1"
    minimist "^1.2.0"
    strip-bom "^3.0.0"

yallist@4.0.0:
  version "4.0.0"
  resolved "https://registry.yarnpkg.com/yallist/-/yallist-4.0.0.tgz#9bb92790d9c0effec63be73519e11a35019a3a72"
  integrity sha512-3wdGidZyq5PB084XLES5TpOSRA3wjXAlIWMhum2kRcv/41Sn2emQ0dycQW4uZXLejwKvg6EsvbdlVL+FYEct7A==
